
Microsoft Visual Studio Solution File, Format Version 12.00
# Visual Studio Version 17
VisualStudioVersion = 17.5.002.0
MinimumVisualStudioVersion = 10.0.40219.1
Project("{9A19103F-16F7-4668-BE54-9A1E7A4F7556}") = "while triangl", "while triangl.csproj", "{EB90C980-59D4-4E82-9A93-4DC6154CC3D3}"
EndProject
Global
	GlobalSection(SolutionConfigurationPlatforms) = preSolution
		Debug|Any CPU = Debug|Any CPU
		Release|Any CPU = Release|Any CPU
	EndGlobalSection
	GlobalSection(ProjectConfigurationPlatforms) = postSolution
		{EB90C980-59D4-4E82-9A93-4DC6154CC3D3}.Debug|Any CPU.ActiveCfg = Debug|Any CPU
		{EB90C980-59D4-4E82-9A93-4DC6154CC3D3}.Debug|Any CPU.Build.0 = Debug|Any CPU
		{EB90C980-59D4-4E82-9A93-4DC6154CC3D3}.Release|Any CPU.ActiveCfg = Release|Any CPU
		{EB90C980-59D4-4E82-9A93-4DC6154CC3D3}.Release|Any CPU.Build.0 = Release|Any CPU
	EndGlobalSection
	GlobalSection(SolutionProperties) = preSolution
		HideSolutionNode = FALSE
	EndGlobalSection
	GlobalSection(ExtensibilityGlobals) = postSolution
		SolutionGuid = {7367CF13-6F30-45C1-B9E5-927D5CD0D712}
	EndGlobalSection
EndGlobal
